
Microsoft Visual Studio Solution File, Format Version 12.00
# Visual Studio Version 16
VisualStudioVersion = 16.0.30611.23
MinimumVisualStudioVersion = 10.0.40219.1
Project("{FAE04EC0-301F-11D3-BF4B-00C04F79EFBC}") = "HalilovGram", "HalilovGram\HalilovGram.csproj", "{F7D38F65-BF12-4840-B160-82B959E61245}"
EndProject
Global
	GlobalSection(SolutionConfigurationPlatforms) = preSolution
		Debug|Any CPU = Debug|Any CPU
		Release|Any CPU = Release|Any CPU
	EndGlobalSection
	GlobalSection(ProjectConfigurationPlatforms) = postSolution
		{F7D38F65-BF12-4840-B160-82B959E61245}.Debug|Any CPU.ActiveCfg = Debug|Any CPU
		{F7D38F65-BF12-4840-B160-82B959E61245}.Debug|Any CPU.Build.0 = Debug|Any CPU
		{F7D38F65-BF12-4840-B160-82B959E61245}.Release|Any CPU.ActiveCfg = Release|Any CPU
		{F7D38F65-BF12-4840-B160-82B959E61245}.Release|Any CPU.Build.0 = Release|Any CPU
	EndGlobalSection
	GlobalSection(SolutionProperties) = preSolution
		HideSolutionNode = FALSE
	EndGlobalSection
	GlobalSection(ExtensibilityGlobals) = postSolution
		SolutionGuid = {5B6312A6-61E0-4F92-B07C-E3788B212DCF}
	EndGlobalSection
EndGlobal
